
Microsoft Visual Studio Solution File, Format Version 12.00
# Visual Studio Version 17
VisualStudioVersion = 17.2.32505.173
MinimumVisualStudioVersion = 10.0.40219.1
Project("{FAE04EC0-301F-11D3-BF4B-00C04F79EFBC}") = "F1", "F1\F1.csproj", "{9A8E6337-14DB-456E-AD7F-5BFFE3DE7D6D}"
EndProject
Global
	GlobalSection(SolutionConfigurationPlatforms) = preSolution
		Debug|Any CPU = Debug|Any CPU
		Release|Any CPU = Release|Any CPU
	EndGlobalSection
	GlobalSection(ProjectConfigurationPlatforms) = postSolution
		{9A8E6337-14DB-456E-AD7F-5BFFE3DE7D6D}.Debug|Any CPU.ActiveCfg = Debug|Any CPU
		{9A8E6337-14DB-456E-AD7F-5BFFE3DE7D6D}.Debug|Any CPU.Build.0 = Debug|Any CPU
		{9A8E6337-14DB-456E-AD7F-5BFFE3DE7D6D}.Release|Any CPU.ActiveCfg = Release|Any CPU
		{9A8E6337-14DB-456E-AD7F-5BFFE3DE7D6D}.Release|Any CPU.Build.0 = Release|Any CPU
	EndGlobalSection
	GlobalSection(SolutionProperties) = preSolution
		HideSolutionNode = FALSE
	EndGlobalSection
	GlobalSection(ExtensibilityGlobals) = postSolution
		SolutionGuid = {4D26ADA4-653F-4EEE-9B6C-30E5A17BBF2A}
	EndGlobalSection
EndGlobal
